
Microsoft Visual Studio Solution File, Format Version 12.00
Project("{FAE04EC0-301F-11D3-BF4B-00C04F79EFBC}") = "IntelWash", "IntelWash\IntelWash.csproj", "{42FBE929-4EDB-4D6E-AC59-D52DAFA33329}"
EndProject
Global
	GlobalSection(SolutionConfigurationPlatforms) = preSolution
		Debug|Any CPU = Debug|Any CPU
		Release|Any CPU = Release|Any CPU
	EndGlobalSection
	GlobalSection(ProjectConfigurationPlatforms) = postSolution
		{42FBE929-4EDB-4D6E-AC59-D52DAFA33329}.Debug|Any CPU.ActiveCfg = Debug|Any CPU
		{42FBE929-4EDB-4D6E-AC59-D52DAFA33329}.Debug|Any CPU.Build.0 = Debug|Any CPU
		{42FBE929-4EDB-4D6E-AC59-D52DAFA33329}.Release|Any CPU.ActiveCfg = Release|Any CPU
		{42FBE929-4EDB-4D6E-AC59-D52DAFA33329}.Release|Any CPU.Build.0 = Release|Any CPU
	EndGlobalSection
EndGlobal
